// !$*UTF8*$!
{
	archiveVersion = 1;
	classes = {
	};
	objectVersion = 77;
	objects = {

/* Begin PBXBuildFile section */
		7C746877304C261300FDB104 /* GoogleService-Info .plist in Resources */ = {isa = PBXBuildFile; fileRef = 7C746876304C261300FDB104 /* GoogleService-Info .plist */; };
		7C74687A304C278200FDB104 /* FirebaseAnalytics in Frameworks */ = {isa = PBXBuildFile; productRef = 7C746879304C278200FDB104 /* FirebaseAnalytics */; };
		7C74687C304C278200FDB104 /* FirebaseAuth in Frameworks */ = {isa = PBXBuildFile; productRef = 7C74687B304C278200FDB104 /* FirebaseAuth */; };
		7C74687E304C278200FDB104 /* FirebaseDatabase in Frameworks */ = {isa = PBXBuildFile; productRef = 7C74687D304C278200FDB104 /* FirebaseDatabase */; };
		7C746880304C278200FDB104 /* FirebaseFirestore in Frameworks */ = {isa = PBXBuildFile; productRef = 7C74687F304C278200FDB104 /* FirebaseFirestore */; };
		7C746882304C278200FDB104 /* FirebaseStorage in Frameworks */ = {isa = PBXBuildFile; productRef = 7C746881304C278200FDB104 /* FirebaseStorage */; };
/* End PBXBuildFile section */

/* Begin PBXContainerItemProxy section */
		7C67BB42304950BD00A98FEB /* PBXContainerItemProxy */ = {
			isa = PBXContainerItemProxy;
			containerPortal = 7C67BB2C304950BC00A98FEB /* Project object */;
			proxyType = 1;
			remoteGlobalIDString = 7C67BB33304950BC00A98FEB;
			remoteInfo = ArySStore;
		};
		7C67BB4C304950BD00A98FEB /* PBXContainerItemProxy */ = {
			isa = PBXContainerItemProxy;
			containerPortal = 7C67BB2C304950BC00A98FEB /* Project object */;
			proxyType = 1;
			remoteGlobalIDString = 7C67BB33304950BC00A98FEB;
			remoteInfo = ArySStore;
		};
/* End PBXContainerItemProxy section */

/* Begin PBXFileReference section */
		7C67BB34304950BC00A98FEB /* ArySStore.app */ = {isa = PBXFileReference; explicitFileType = wrapper.application; includeInIndex = 0; path = ArySStore.app; sourceTree = BUILT_PRODUCTS_DIR; };
		7C67BB41304950BD00A98FEB /* ArySStoreTests.xctest */ = {isa = PBXFileReference; explicitFileType = wrapper.cfbundle; includeInIndex = 0; path = ArySStoreTests.xctest; sourceTree = BUILT_PRODUCTS_DIR; };
		7C67BB4B304950BD00A98FEB /* ArySStoreUITests.xctest */ = {isa = PBXFileReference; explicitFileType = wrapper.cfbundle; includeInIndex = 0; path = ArySStoreUITests.xctest; sourceTree = BUILT_PRODUCTS_DIR; };
		7C746876304C261300FDB104 /* GoogleService-Info .plist */ = {isa = PBXFileReference; lastKnownFileType = text.plist.xml; path = "GoogleService-Info .plist"; sourceTree = "<group>"; };
/* End PBXFileReference section */

/* Begin PBXFileSystemSynchronizedRootGroup section */
		7C67BB36304950BC00A98FEB /* ArySStore */ = {
			isa = PBXFileSystemSynchronizedRootGroup;
			path = ArySStore;
			sourceTree = "<group>";
		};
		7C67BB44304950BD00A98FEB /* ArySStoreTests */ = {
			isa = PBXFileSystemSynchronizedRootGroup;
			path = ArySStoreTests;
			sourceTree = "<group>";
		};
		7C67BB4E304950BD00A98FEB /* ArySStoreUITests */ = {
			isa = PBXFileSystemSynchronizedRootGroup;
			path = ArySStoreUITests;
			sourceTree = "<group>";
		};
/* End PBXFileSystemSynchronizedRootGroup section */

/* Begin PBXFrameworksBuildPhase section */
		7C67BB31304950BC00A98FEB /* Frameworks */ = {
			isa = PBXFrameworksBuildPhase;
			buildActionMask = 2147483647;
			files = (
				7C74687E304C278200FDB104 /* FirebaseDatabase in Frameworks */,
				7C746880304C278200FDB104 /* FirebaseFirestore in Frameworks */,
				7C74687A304C278200FDB104 /* FirebaseAnalytics in Frameworks */,
				7C746882304C278200FDB104 /* FirebaseStorage in Frameworks */,
				7C74687C304C278200FDB104 /* FirebaseAuth in Frameworks */,
			);
			runOnlyForDeploymentPostprocessing = 0;
		};
		7C67BB3E304950BD00A98FEB /* Frameworks */ = {
			isa = PBXFrameworksBuildPhase;
			buildActionMask = 2147483647;
			files = (
			);
			runOnlyForDeploymentPostprocessing = 0;
		};
		7C67BB48304950BD00A98FEB /* Frameworks */ = {
			isa = PBXFrameworksBuildPhase;
			buildActionMask = 2147483647;
			files = (
			);
			runOnlyForDeploymentPostprocessing = 0;
		};
/* End PBXFrameworksBuildPhase section */

/* Begin PBXGroup section */
		7C67BB2B304950BC00A98FEB = {
			isa = PBXGroup;
			children = (
				7C67BB36304950BC00A98FEB /* ArySStore */,
				7C67BB44304950BD00A98FEB /* ArySStoreTests */,
				7C67BB4E304950BD00A98FEB /* ArySStoreUITests */,
				7C746876304C261300FDB104 /* GoogleService-Info .plist */,
				7C67BB35304950BC00A98FEB /* Products */,
			);
			sourceTree = "<group>";
		};
		7C67BB35304950BC00A98FEB /* Products */ = {
			isa = PBXGroup;
			children = (
				7C67BB34304950BC00A98FEB /* ArySStore.app */,
				7C67BB41304950BD00A98FEB /* ArySStoreTests.xctest */,
				7C67BB4B304950BD00A98FEB /* ArySStoreUITests.xctest */,
			);
			name = Products;
			sourceTree = "<group>";
		};
/* End PBXGroup section */

/* Begin PBXNativeTarget section */
		7C67BB33304950BC00A98FEB /* ArySStore */ = {
			isa = PBXNativeTarget;
			buildConfigurationList = 7C67BB55304950BD00A98FEB /* Build configuration list for PBXNativeTarget "ArySStore" */;
			buildPhases = (
				7C67BB30304950BC00A98FEB /* Sources */,
				7C67BB31304950BC00A98FEB /* Frameworks */,
				7C67BB32304950BC00A98FEB /* Resources */,
			);
			buildRules = (
			);
			dependencies = (
			);
			fileSystemSynchronizedGroups = (
				7C67BB36304950BC00A98FEB /* ArySStore */,
			);
			name = ArySStore;
			packageProductDependencies = (
				7C746879304C278200FDB104 /* FirebaseAnalytics */,
				7C74687B304C278200FDB104 /* FirebaseAuth */,
				7C74687D304C278200FDB104 /* FirebaseDatabase */,
				7C74687F304C278200FDB104 /* FirebaseFirestore */,
				7C746881304C278200FDB104 /* FirebaseStorage */,
			);
			productName = ArySStore;
			productReference = 7C67BB34304950BC00A98FEB /* ArySStore.app */;
			productType = "com.apple.product-type.application";
		};
		7C67BB40304950BD00A98FEB /* ArySStoreTests */ = {
			isa = PBXNativeTarget;
			buildConfigurationList = 7C67BB58304950BD00A98FEB /* Build configuration list for PBXNativeTarget "ArySStoreTests" */;
			buildPhases = (
				7C67BB3D304950BD00A98FEB /* Sources */,
				7C67BB3E304950BD00A98FEB /* Frameworks */,
				7C67BB3F304950BD00A98FEB /* Resources */,
			);
			buildRules = (
			);
			dependencies = (
				7C67BB43304950BD00A98FEB /* PBXTargetDependency */,
			);
			fileSystemSynchronizedGroups = (
				7C67BB44304950BD00A98FEB /* ArySStoreTests */,
			);
			name = ArySStoreTests;
			packageProductDependencies = (
			);
			productName = ArySStoreTests;
			productReference = 7C67BB41304950BD00A98FEB /* ArySStoreTests.xctest */;
			productType = "com.apple.product-type.bundle.unit-test";
		};
		7C67BB4A304950BD00A98FEB /* ArySStoreUITests */ = {
			isa = PBXNativeTarget;
			buildConfigurationList = 7C67BB5B304950BD00A98FEB /* Build configuration list for PBXNativeTarget "ArySStoreUITests" */;
			buildPhases = (
				7C67BB47304950BD00A98FEB /* Sources */,
				7C67BB48304950BD00A98FEB /* Frameworks */,
				7C67BB49304950BD00A98FEB /* Resources */,
			);
			buildRules = (
			);
			dependencies = (
				7C67BB4D304950BD00A98FEB /* PBXTargetDependency */,
			);
			fileSystemSynchronizedGroups = (
				7C67BB4E304950BD00A98FEB /* ArySStoreUITests */,
			);
			name = ArySStoreUITests;
			packageProductDependencies = (
			);
			productName = ArySStoreUITests;
			productReference = 7C67BB4B304950BD00A98FEB /* ArySStoreUITests.xctest */;
			productType = "com.apple.product-type.bundle.ui-testing";
		};
/* End PBXNativeTarget section */

/* Begin PBXProject section */
		7C67BB2C304950BC00A98FEB /* Project object */ = {
			isa = PBXProject;
			attributes = {
				BuildIndependentTargetsInParallel = 1;
				LastSwiftUpdateCheck = 2660;
				LastUpgradeCheck = 2700;
				TargetAttributes = {
					7C67BB33304950BC00A98FEB = {
						CreatedOnToolsVersion = 26.6;
					};
					7C67BB40304950BD00A98FEB = {
						CreatedOnToolsVersion = 26.6;
						TestTargetID = 7C67BB33304950BC00A98FEB;
					};
					7C67BB4A304950BD00A98FEB = {
						CreatedOnToolsVersion = 26.6;
						TestTargetID = 7C67BB33304950BC00A98FEB;
					};
				};
			};
			buildConfigurationList = 7C67BB2F304950BC00A98FEB /* Build configuration list for PBXProject "ArySStore" */;
			developmentRegion = en;
			hasScannedForEncodings = 0;
			knownRegions = (
				en,
				Base,
			);
			mainGroup = 7C67BB2B304950BC00A98FEB;
			minimizedProjectReferenceProxies = 1;
			packageReferences = (
				7C746878304C278200FDB104 /* XCRemoteSwiftPackageReference "firebase-ios-sdk" */,
			);
			preferredProjectObjectVersion = 77;
			productRefGroup = 7C67BB35304950BC00A98FEB /* Products */;
			projectDirPath = "";
			projectRoot = "";
			targets = (
				7C67BB33304950BC00A98FEB /* ArySStore */,
				7C67BB40304950BD00A98FEB /* ArySStoreTests */,
				7C67BB4A304950BD00A98FEB /* ArySStoreUITests */,
			);
		};
/* End PBXProject section */

/* Begin PBXResourcesBuildPhase section */
		7C67BB32304950BC00A98FEB /* Resources */ = {
			isa = PBXResourcesBuildPhase;
			buildActionMask = 2147483647;
			files = (
				7C746877304C261300FDB104 /* GoogleService-Info .plist in Resources */,
			);
			runOnlyForDeploymentPostprocessing = 0;
		};
		7C67BB3F304950BD00A98FEB /* Resources */ = {
			isa = PBXResourcesBuildPhase;
			buildActionMask = 2147483647;
			files = (
			);
			runOnlyForDeploymentPostprocessing = 0;
		};
		7C67BB49304950BD00A98FEB /* Resources */ = {
			isa = PBXResourcesBuildPhase;
			buildActionMask = 2147483647;
			files = (
			);
			runOnlyForDeploymentPostprocessing = 0;
		};
/* End PBXResourcesBuildPhase section */

/* Begin PBXSourcesBuildPhase section */
		7C67BB30304950BC00A98FEB /* Sources */ = {
			isa = PBXSourcesBuildPhase;
			buildActionMask = 2147483647;
			files = (
			);
			runOnlyForDeploymentPostprocessing = 0;
		};
		7C67BB3D304950BD00A98FEB /* Sources */ = {
			isa = PBXSourcesBuildPhase;
			buildActionMask = 2147483647;
			files = (
			);
			runOnlyForDeploymentPostprocessing = 0;
		};
		7C67BB47304950BD00A98FEB /* Sources */ = {
			isa = PBXSourcesBuildPhase;
			buildActionMask = 2147483647;
			files = (
			);
			runOnlyForDeploymentPostprocessing = 0;
		};
/* End PBXSourcesBuildPhase section */

/* Begin PBXTargetDependency section */
		7C67BB43304950BD00A98FEB /* PBXTargetDependency */ = {
			isa = PBXTargetDependency;
			target = 7C67BB33304950BC00A98FEB /* ArySStore */;
			targetProxy = 7C67BB42304950BD00A98FEB /* PBXContainerItemProxy */;
		};
		7C67BB4D304950BD00A98FEB /* PBXTargetDependency */ = {
			isa = PBXTargetDependency;
			target = 7C67BB33304950BC00A98FEB /* ArySStore */;
			targetProxy = 7C67BB4C304950BD00A98FEB /* PBXContainerItemProxy */;
		};
/* End PBXTargetDependency section */

/* Begin XCBuildConfiguration section */
		7C67BB53304950BD00A98FEB /* Debug */ = {
			isa = XCBuildConfiguration;
			buildSettings = {
				ALWAYS_SEARCH_USER_PATHS = NO;
				ASSETCATALOG_COMPILER_GENERATE_SWIFT_ASSET_SYMBOL_EXTENSIONS = YES;
				CLANG_ANALYZER_NONNULL = YES;
				CLANG_ANALYZER_NUMBER_OBJECT_CONVERSION = YES_AGGRESSIVE;
				CLANG_CXX_LANGUAGE_STANDARD = "gnu++20";
				CLANG_ENABLE_MODULES = YES;
				CLANG_ENABLE_OBJC_ARC = YES;
				CLANG_ENABLE_OBJC_WEAK = YES;
				CLANG_WARN_BLOCK_CAPTURE_AUTORELEASING = YES;
				CLANG_WARN_BOOL_CONVERSION = YES;
				CLANG_WARN_COMMA = YES;
				CLANG_WARN_CONSTANT_CONVERSION = YES;
				CLANG_WARN_DEPRECATED_OBJC_IMPLEMENTATIONS = YES;
				CLANG_WARN_DIRECT_OBJC_ISA_USAGE = YES_ERROR;
				CLANG_WARN_DOCUMENTATION_COMMENTS = YES;
				CLANG_WARN_EMPTY_BODY = YES;
				CLANG_WARN_ENUM_CONVERSION = YES;
				CLANG_WARN_INFINITE_RECURSION = YES;
				CLANG_WARN_INT_CONVERSION = YES;
				CLANG_WARN_NON_LITERAL_NULL_CONVERSION = YES;
				CLANG_WARN_OBJC_IMPLICIT_RETAIN_SELF = YES;
				CLANG_WARN_OBJC_LITERAL_CONVERSION = YES;
				CLANG_WARN_OBJC_ROOT_CLASS = YES_ERROR;
				CLANG_WARN_QUOTED_INCLUDE_IN_FRAMEWORK_HEADER = YES;
				CLANG_WARN_RANGE_LOOP_ANALYSIS = YES;
				CLANG_WARN_STRICT_PROTOTYPES = YES;
				CLANG_WARN_SUSPICIOUS_MOVE = YES;
				CLANG_WARN_UNGUARDED_AVAILABILITY = YES_AGGRESSIVE;
				CLANG_WARN_UNREACHABLE_CODE = YES;
				CLANG_WARN__DUPLICATE_METHOD_MATCH = YES;
				COPY_PHASE_STRIP = NO;
				DEBUG_INFORMATION_FORMAT = dwarf;
				DEVELOPMENT_TEAM = 3T85Y93H4W;
				ENABLE_STRICT_OBJC_MSGSEND = YES;
				ENABLE_TESTABILITY = YES;
				ENABLE_USER_SCRIPT_SANDBOXING = YES;
				GCC_C_LANGUAGE_STANDARD = gnu17;
				GCC_DYNAMIC_NO_PIC = NO;
				GCC_NO_COMMON_BLOCKS = YES;
				GCC_OPTIMIZATION_LEVEL = 0;
				GCC_PREPROCESSOR_DEFINITIONS = (
					"DEBUG=1",
					"$(inherited)",
				);
				GCC_WARN_64_TO_32_BIT_CONVERSION = YES;
				GCC_WARN_ABOUT_RETURN_TYPE = YES_ERROR;
				GCC_WARN_UNDECLARED_SELECTOR = YES;
				GCC_WARN_UNINITIALIZED_AUTOS = YES_AGGRESSIVE;
				GCC_WARN_UNUSED_FUNCTION = YES;
				GCC_WARN_UNUSED_VARIABLE = YES;
				IPHONEOS_DEPLOYMENT_TARGET = 26.5;
				LOCALIZATION_PREFERS_STRING_CATALOGS = YES;
				MTL_ENABLE_DEBUG_INFO = INCLUDE_SOURCE;
				MTL_FAST_MATH = YES;
				ONLY_ACTIVE_ARCH = YES;
				SDKROOT = iphoneos;
				STRING_CATALOG_GENERATE_SYMBOLS = YES;
				SWIFT_ACTIVE_COMPILATION_CONDITIONS = "DEBUG $(inherited)";
				SWIFT_OPTIMIZATION_LEVEL = "-Onone";
			};
			name = Debug;
		};
		7C67BB54304950BD00A98FEB /* Release */ = {
			isa = XCBuildConfiguration;
			buildSettings = {
				ALWAYS_SEARCH_USER_PATHS = NO;
				ASSETCATALOG_COMPILER_GENERATE_SWIFT_ASSET_SYMBOL_EXTENSIONS = YES;
				CLANG_ANALYZER_NONNULL = YES;
				CLANG_ANALYZER_NUMBER_OBJECT_CONVERSION = YES_AGGRESSIVE;
				CLANG_CXX_LANGUAGE_STANDARD = "gnu++20";
				CLANG_ENABLE_MODULES = YES;
				CLANG_ENABLE_OBJC_ARC = YES;
				CLANG_ENABLE_OBJC_WEAK = YES;
				CLANG_WARN_BLOCK_CAPTURE_AUTORELEASING = YES;
				CLANG_WARN_BOOL_CONVERSION = YES;
				CLANG_WARN_COMMA = YES;
				CLANG_WARN_CONSTANT_CONVERSION = YES;
				CLANG_WARN_DEPRECATED_OBJC_IMPLEMENTATIONS = YES;
				CLANG_WARN_DIRECT_OBJC_ISA_USAGE = YES_ERROR;
				CLANG_WARN_DOCUMENTATION_COMMENTS = YES;
				CLANG_WARN_EMPTY_BODY = YES;
				CLANG_WARN_ENUM_CONVERSION = YES;
				CLANG_WARN_INFINITE_RECURSION = YES;
				CLANG_WARN_INT_CONVERSION = YES;
				CLANG_WARN_NON_LITERAL_NULL_CONVERSION = YES;
				CLANG_WARN_OBJC_IMPLICIT_RETAIN_SELF = YES;
				CLANG_WARN_OBJC_LITERAL_CONVERSION = YES;
				CLANG_WARN_OBJC_ROOT_CLASS = YES_ERROR;
				CLANG_WARN_QUOTED_INCLUDE_IN_FRAMEWORK_HEADER = YES;
				CLANG_WARN_RANGE_LOOP_ANALYSIS = YES;
				CLANG_WARN_STRICT_PROTOTYPES = YES;
				CLANG_WARN_SUSPICIOUS_MOVE = YES;
				CLANG_WARN_UNGUARDED_AVAILABILITY = YES_AGGRESSIVE;
				CLANG_WARN_UNREACHABLE_CODE = YES;
				CLANG_WARN__DUPLICATE_METHOD_MATCH = YES;
				COPY_PHASE_STRIP = NO;
				DEBUG_INFORMATION_FORMAT = "dwarf-with-dsym";
				DEVELOPMENT_TEAM = 3T85Y93H4W;
				ENABLE_NS_ASSERTIONS = NO;
				ENABLE_STRICT_OBJC_MSGSEND = YES;
				ENABLE_USER_SCRIPT_SANDBOXING = YES;
				GCC_C_LANGUAGE_STANDARD = gnu17;
				GCC_NO_COMMON_BLOCKS = YES;
				GCC_WARN_64_TO_32_BIT_CONVERSION = YES;
				GCC_WARN_ABOUT_RETURN_TYPE = YES_ERROR;
				GCC_WARN_UNDECLARED_SELECTOR = YES;
				GCC_WARN_UNINITIALIZED_AUTOS = YES_AGGRESSIVE;
				GCC_WARN_UNUSED_FUNCTION = YES;
				GCC_WARN_UNUSED_VARIABLE = YES;
				IPHONEOS_DEPLOYMENT_TARGET = 26.5;
				LOCALIZATION_PREFERS_STRING_CATALOGS = YES;
				MTL_ENABLE_DEBUG_INFO = NO;
				MTL_FAST_MATH = YES;
				SDKROOT = iphoneos;
				STRING_CATALOG_GENERATE_SYMBOLS = YES;
				SWIFT_COMPILATION_MODE = wholemodule;
				VALIDATE_PRODUCT = YES;
			};
			name = Release;
		};
		7C67BB56304950BD00A98FEB /* Debug */ = {
			isa = XCBuildConfiguration;
			buildSettings = {
				ASSETCATALOG_COMPILER_APPICON_NAME = AppIcon;
				ASSETCATALOG_COMPILER_GLOBAL_ACCENT_COLOR_NAME = AccentColor;
				CODE_SIGN_STYLE = Automatic;
				CURRENT_PROJECT_VERSION = 1;
				DEVELOPMENT_TEAM = 3T85Y93H4W;
				ENABLE_PREVIEWS = YES;
				GENERATE_INFOPLIST_FILE = YES;
				INFOPLIST_KEY_UIApplicationSceneManifest_Generation = YES;
				INFOPLIST_KEY_UIApplicationSupportsIndirectInputEvents = YES;
				INFOPLIST_KEY_UILaunchScreen_Generation = YES;
				INFOPLIST_KEY_UISupportedInterfaceOrientations_iPad = "UIInterfaceOrientationPortrait UIInterfaceOrientationPortraitUpsideDown UIInterfaceOrientationLandscapeLeft UIInterfaceOrientationLandscapeRight";
				INFOPLIST_KEY_UISupportedInterfaceOrientations_iPhone = "UIInterfaceOrientationPortrait UIInterfaceOrientationLandscapeLeft UIInterfaceOrientationLandscapeRight";
				LD_RUNPATH_SEARCH_PATHS = (
					"$(inherited)",
					"@executable_path/Frameworks",
				);
				MARKETING_VERSION = 1.0;
				PRODUCT_BUNDLE_IDENTIFIER = com.katoso.ArySStore;
				PRODUCT_NAME = "$(TARGET_NAME)";
				STRING_CATALOG_GENERATE_SYMBOLS = YES;
				SWIFT_APPROACHABLE_CONCURRENCY = YES;
				SWIFT_DEFAULT_ACTOR_ISOLATION = MainActor;
				SWIFT_EMIT_LOC_STRINGS = YES;
				SWIFT_UPCOMING_FEATURE_MEMBER_IMPORT_VISIBILITY = YES;
				SWIFT_VERSION = 5.0;
				TARGETED_DEVICE_FAMILY = "1,2";
			};
			name = Debug;
		};
		7C67BB57304950BD00A98FEB /* Release */ = {
			isa = XCBuildConfiguration;
			buildSettings = {
				ASSETCATALOG_COMPILER_APPICON_NAME = AppIcon;
				ASSETCATALOG_COMPILER_GLOBAL_ACCENT_COLOR_NAME = AccentColor;
				CODE_SIGN_STYLE = Automatic;
				CURRENT_PROJECT_VERSION = 1;
				DEVELOPMENT_TEAM = 3T85Y93H4W;
				ENABLE_PREVIEWS = YES;
				GENERATE_INFOPLIST_FILE = YES;
				INFOPLIST_KEY_UIApplicationSceneManifest_Generation = YES;
				INFOPLIST_KEY_UIApplicationSupportsIndirectInputEvents = YES;
				INFOPLIST_KEY_UILaunchScreen_Generation = YES;
				INFOPLIST_KEY_UISupportedInterfaceOrientations_iPad = "UIInterfaceOrientationPortrait UIInterfaceOrientationPortraitUpsideDown UIInterfaceOrientationLandscapeLeft UIInterfaceOrientationLandscapeRight";
				INFOPLIST_KEY_UISupportedInterfaceOrientations_iPhone = "UIInterfaceOrientationPortrait UIInterfaceOrientationLandscapeLeft UIInterfaceOrientationLandscapeRight";
				LD_RUNPATH_SEARCH_PATHS = (
					"$(inherited)",
					"@executable_path/Frameworks",
				);
				MARKETING_VERSION = 1.0;
				PRODUCT_BUNDLE_IDENTIFIER = com.katoso.ArySStore;
				PRODUCT_NAME = "$(TARGET_NAME)";
				STRING_CATALOG_GENERATE_SYMBOLS = YES;
				SWIFT_APPROACHABLE_CONCURRENCY = YES;
				SWIFT_DEFAULT_ACTOR_ISOLATION = MainActor;
				SWIFT_EMIT_LOC_STRINGS = YES;
				SWIFT_UPCOMING_FEATURE_MEMBER_IMPORT_VISIBILITY = YES;
				SWIFT_VERSION = 5.0;
				TARGETED_DEVICE_FAMILY = "1,2";
			};
			name = Release;
		};
		7C67BB59304950BD00A98FEB /* Debug */ = {
			isa = XCBuildConfiguration;
			buildSettings = {
				BUNDLE_LOADER = "$(TEST_HOST)";
				CODE_SIGN_STYLE = Automatic;
				CURRENT_PROJECT_VERSION = 1;
				DEVELOPMENT_TEAM = 3T85Y93H4W;
				GENERATE_INFOPLIST_FILE = YES;
				IPHONEOS_DEPLOYMENT_TARGET = 26.5;
				MARKETING_VERSION = 1.0;
				PRODUCT_BUNDLE_IDENTIFIER = com.katoso.ArySStoreTests;
				PRODUCT_NAME = "$(TARGET_NAME)";
				STRING_CATALOG_GENERATE_SYMBOLS = NO;
				SWIFT_APPROACHABLE_CONCURRENCY = YES;
				SWIFT_EMIT_LOC_STRINGS = NO;
				SWIFT_UPCOMING_FEATURE_MEMBER_IMPORT_VISIBILITY = YES;
				SWIFT_VERSION = 5.0;
				TARGETED_DEVICE_FAMILY = "1,2";
				TEST_HOST = "$(BUILT_PRODUCTS_DIR)/ArySStore.app/$(BUNDLE_EXECUTABLE_FOLDER_PATH)/ArySStore";
			};
			name = Debug;
		};
		7C67BB5A304950BD00A98FEB /* Release */ = {
			isa = XCBuildConfiguration;
			buildSettings = {
				BUNDLE_LOADER = "$(TEST_HOST)";
				CODE_SIGN_STYLE = Automatic;
				CURRENT_PROJECT_VERSION = 1;
				DEVELOPMENT_TEAM = 3T85Y93H4W;
				GENERATE_INFOPLIST_FILE = YES;
				IPHONEOS_DEPLOYMENT_TARGET = 26.5;
				MARKETING_VERSION = 1.0;
				PRODUCT_BUNDLE_IDENTIFIER = com.katoso.ArySStoreTests;
				PRODUCT_NAME = "$(TARGET_NAME)";
				STRING_CATALOG_GENERATE_SYMBOLS = NO;
				SWIFT_APPROACHABLE_CONCURRENCY = YES;
				SWIFT_EMIT_LOC_STRINGS = NO;
				SWIFT_UPCOMING_FEATURE_MEMBER_IMPORT_VISIBILITY = YES;
				SWIFT_VERSION = 5.0;
				TARGETED_DEVICE_FAMILY = "1,2";
				TEST_HOST = "$(BUILT_PRODUCTS_DIR)/ArySStore.app/$(BUNDLE_EXECUTABLE_FOLDER_PATH)/ArySStore";
			};
			name = Release;
		};
		7C67BB5C304950BD00A98FEB /* Debug */ = {
			isa = XCBuildConfiguration;
			buildSettings = {
				CODE_SIGN_STYLE = Automatic;
				CURRENT_PROJECT_VERSION = 1;
				DEVELOPMENT_TEAM = 3T85Y93H4W;
				GENERATE_INFOPLIST_FILE = YES;
				MARKETING_VERSION = 1.0;
				PRODUCT_BUNDLE_IDENTIFIER = com.katoso.ArySStoreUITests;
				PRODUCT_NAME = "$(TARGET_NAME)";
				STRING_CATALOG_GENERATE_SYMBOLS = NO;
				SWIFT_APPROACHABLE_CONCURRENCY = YES;
				SWIFT_EMIT_LOC_STRINGS = NO;
				SWIFT_UPCOMING_FEATURE_MEMBER_IMPORT_VISIBILITY = YES;
				SWIFT_VERSION = 5.0;
				TARGETED_DEVICE_FAMILY = "1,2";
				TEST_TARGET_NAME = ArySStore;
			};
			name = Debug;
		};
		7C67BB5D304950BD00A98FEB /* Release */ = {
			isa = XCBuildConfiguration;
			buildSettings = {
				CODE_SIGN_STYLE = Automatic;
				CURRENT_PROJECT_VERSION = 1;
				DEVELOPMENT_TEAM = 3T85Y93H4W;
				GENERATE_INFOPLIST_FILE = YES;
				MARKETING_VERSION = 1.0;
				PRODUCT_BUNDLE_IDENTIFIER = com.katoso.ArySStoreUITests;
				PRODUCT_NAME = "$(TARGET_NAME)";
				STRING_CATALOG_GENERATE_SYMBOLS = NO;
				SWIFT_APPROACHABLE_CONCURRENCY = YES;
				SWIFT_EMIT_LOC_STRINGS = NO;
				SWIFT_UPCOMING_FEATURE_MEMBER_IMPORT_VISIBILITY = YES;
				SWIFT_VERSION = 5.0;
				TARGETED_DEVICE_FAMILY = "1,2";
				TEST_TARGET_NAME = ArySStore;
			};
			name = Release;
		};
/* End XCBuildConfiguration section */

/* Begin XCConfigurationList section */
		7C67BB2F304950BC00A98FEB /* Build configuration list for PBXProject "ArySStore" */ = {
			isa = XCConfigurationList;
			buildConfigurations = (
				7C67BB53304950BD00A98FEB /* Debug */,
				7C67BB54304950BD00A98FEB /* Release */,
			);
			defaultConfigurationIsVisible = 0;
			defaultConfigurationName = Release;
		};
		7C67BB55304950BD00A98FEB /* Build configuration list for PBXNativeTarget "ArySStore" */ = {
			isa = XCConfigurationList;
			buildConfigurations = (
				7C67BB56304950BD00A98FEB /* Debug */,
				7C67BB57304950BD00A98FEB /* Release */,
			);
			defaultConfigurationIsVisible = 0;
			defaultConfigurationName = Release;
		};
		7C67BB58304950BD00A98FEB /* Build configuration list for PBXNativeTarget "ArySStoreTests" */ = {
			isa = XCConfigurationList;
			buildConfigurations = (
				7C67BB59304950BD00A98FEB /* Debug */,
				7C67BB5A304950BD00A98FEB /* Release */,
			);
			defaultConfigurationIsVisible = 0;
			defaultConfigurationName = Release;
		};
		7C67BB5B304950BD00A98FEB /* Build configuration list for PBXNativeTarget "ArySStoreUITests" */ = {
			isa = XCConfigurationList;
			buildConfigurations = (
				7C67BB5C304950BD00A98FEB /* Debug */,
				7C67BB5D304950BD00A98FEB /* Release */,
			);
			defaultConfigurationIsVisible = 0;
			defaultConfigurationName = Release;
		};
/* End XCConfigurationList section */

/* Begin XCRemoteSwiftPackageReference section */
		7C746878304C278200FDB104 /* XCRemoteSwiftPackageReference "firebase-ios-sdk" */ = {
			isa = XCRemoteSwiftPackageReference;
			repositoryURL = "https://github.com/firebase/firebase-ios-sdk";
			requirement = {
				kind = upToNextMajorVersion;
				minimumVersion = 12.18.0;
			};
		};
/* End XCRemoteSwiftPackageReference section */

/* Begin XCSwiftPackageProductDependency section */
		7C746879304C278200FDB104 /* FirebaseAnalytics */ = {
			isa = XCSwiftPackageProductDependency;
			package = 7C746878304C278200FDB104 /* XCRemoteSwiftPackageReference "firebase-ios-sdk" */;
			productName = FirebaseAnalytics;
		};
		7C74687B304C278200FDB104 /* FirebaseAuth */ = {
			isa = XCSwiftPackageProductDependency;
			package = 7C746878304C278200FDB104 /* XCRemoteSwiftPackageReference "firebase-ios-sdk" */;
			productName = FirebaseAuth;
		};
		7C74687D304C278200FDB104 /* FirebaseDatabase */ = {
			isa = XCSwiftPackageProductDependency;
			package = 7C746878304C278200FDB104 /* XCRemoteSwiftPackageReference "firebase-ios-sdk" */;
			productName = FirebaseDatabase;
		};
		7C74687F304C278200FDB104 /* FirebaseFirestore */ = {
			isa = XCSwiftPackageProductDependency;
			package = 7C746878304C278200FDB104 /* XCRemoteSwiftPackageReference "firebase-ios-sdk" */;
			productName = FirebaseFirestore;
		};
		7C746881304C278200FDB104 /* FirebaseStorage */ = {
			isa = XCSwiftPackageProductDependency;
			package = 7C746878304C278200FDB104 /* XCRemoteSwiftPackageReference "firebase-ios-sdk" */;
			productName = FirebaseStorage;
		};
/* End XCSwiftPackageProductDependency section */
	};
	rootObject = 7C67BB2C304950BC00A98FEB /* Project object */;
}
